<?xml version="1.0" encoding="utf-8"?>
<Project ToolsVersion="4.0" xmlns="http://schemas.microsoft.com/developer/msbuild/2003">
  <ItemGroup>
    <Filter Include="Source Files">
      <UniqueIdentifier>{4FC737F1-C7A5-4376-A066-2A32D752A2FF}</UniqueIdentifier>
      <Extensions>cpp;c;cc;cxx;c++;cppm;ixx;def;odl;idl;hpj;bat;asm;asmx</Extensions>
    </Filter>
    <Filter Include="Header Files">
      <UniqueIdentifier>{93995380-89BD-4b04-88EB-625FBE52EBFB}</UniqueIdentifier>
      <Extensions>h;hh;hpp;hxx;h++;hm;inl;inc;ipp;xsd</Extensions>
    </Filter>
    <Filter Include="Resource Files">
      <UniqueIdentifier>{67DA6AB6-F800-4c08-8B7A-83BB121AAD01}</UniqueIdentifier>
      <Extensions>rc;ico;cur;bmp;dlg;rc2;rct;bin;rgs;gif;jpg;jpeg;jpe;resx;tiff;tif;png;wav;mfcribbon-ms</Extensions>
    </Filter>
    <Filter Include="Resource Files\shaders">
      <UniqueIdentifier>{3a3bb207-d8dd-4eed-aab9-bd909cf980e6}</UniqueIdentifier>
    </Filter>
  </ItemGroup>
  <ItemGroup>
    <None Include="res\shaders\shader.frag">
      <Filter>Resource Files\shaders</Filter>
    </None>
    <None Include="res\shaders\shader.vert">
      <Filter>Resource Files\shaders</Filter>
    </None>
  </ItemGroup>
  <ItemGroup>
    <ClInclude Include="src\include\camera.h">
      <Filter>Header Files</Filter>
    </ClInclude>
    <ClInclude Include="src\include\fmath.h">
      <Filter>Header Files</Filter>
    </ClInclude>
    <ClInclude Include="src\include\gfx.h">
      <Filter>Header Files</Filter>
    </ClInclude>
    <ClInclude Include="src\include\ivec2.h">
      <Filter>Header Files</Filter>
    </ClInclude>
    <ClInclude Include="src\include\ivec2s.h">
      <Filter>Header Files</Filter>
    </ClInclude>
    <ClInclude Include="src\include\ivec3.h">
      <Filter>Header Files</Filter>
    </ClInclude>
    <ClInclude Include="src\include\ivec3s.h">
      <Filter>Header Files</Filter>
    </ClInclude>
    <ClInclude Include="src\include\mesh.h">
      <Filter>Header Files</Filter>
    </ClInclude>
    <ClInclude Include="src\include\player.h">
      <Filter>Header Files</Filter>
    </ClInclude>
    <ClInclude Include="src\include\shader.h">
      <Filter>Header Files</Filter>
    </ClInclude>
    <ClInclude Include="src\include\state.h">
      <Filter>Header Files</Filter>
    </ClInclude>
    <ClInclude Include="src\include\types.h">
      <Filter>Header Files</Filter>
    </ClInclude>
    <ClInclude Include="src\include\util.h">
      <Filter>Header Files</Filter>
    </ClInclude>
    <ClInclude Include="src\include\vao.h">
      <Filter>Header Files</Filter>
    </ClInclude>
    <ClInclude Include="src\include\vbo.h">
      <Filter>Header Files</Filter>
    </ClInclude>
    <ClInclude Include="src\include\window.h">
      <Filter>Header Files</Filter>
    </ClInclude>
    <ClInclude Include="src\include\world.h">
      <Filter>Header Files</Filter>
    </ClInclude>
    <ClInclude Include="src\include\texture.h">
      <Filter>Header Files</Filter>
    </ClInclude>
    <ClInclude Include="src\include\direction.h">
      <Filter>Header Files</Filter>
    </ClInclude>
    <ClInclude Include="src\include\time.h">
      <Filter>Header Files</Filter>
    </ClInclude>
    <ClInclude Include="src\include\chunk.h">
      <Filter>Header Files</Filter>
    </ClInclude>
  </ItemGroup>
  <ItemGroup>
    <ClCompile Include="src\camera.c">
      <Filter>Source Files</Filter>
    </ClCompile>
    <ClCompile Include="src\main.c">
      <Filter>Source Files</Filter>
    </ClCompile>
    <ClCompile Include="src\mesh.c">
      <Filter>Source Files</Filter>
    </ClCompile>
    <ClCompile Include="src\player.c">
      <Filter>Source Files</Filter>
    </ClCompile>
    <ClCompile Include="src\shader.c">
      <Filter>Source Files</Filter>
    </ClCompile>
    <ClCompile Include="src\vao.c">
      <Filter>Source Files</Filter>
    </ClCompile>
    <ClCompile Include="src\vbo.c">
      <Filter>Source Files</Filter>
    </ClCompile>
    <ClCompile Include="src\window.c">
      <Filter>Source Files</Filter>
    </ClCompile>
    <ClCompile Include="src\world.c">
      <Filter>Source Files</Filter>
    </ClCompile>
    <ClCompile Include="src\texture.c">
      <Filter>Source Files</Filter>
    </ClCompile>
    <ClCompile Include="src\direction.c">
      <Filter>Source Files</Filter>
    </ClCompile>
    <ClCompile Include="src\chunk.c">
      <Filter>Source Files</Filter>
    </ClCompile>
    <ClCompile Include="lib\glad\src\glad.c">
      <Filter>Source Files</Filter>
    </ClCompile>
  </ItemGroup>
</Project>